<Project xmlns="http://schemas.microsoft.com/developer/msbuild/2003">
    <PropertyGroup>
        <ProjectGuid>{5151A6E5-86A2-4F17-873E-EC69CE135EB5}</ProjectGuid>
        <ProjectVersion>14.6</ProjectVersion>
        <MainSource>WA102PParScaricoGiustif.dpr</MainSource>
        <Config Condition="'$(Config)'==''">Debug</Config>
        <DCC_DCCCompiler>DCC32</DCC_DCCCompiler>
        <FrameworkType>VCL</FrameworkType>
        <Base>True</Base>
        <Platform Condition="'$(Platform)'==''">Win32</Platform>
        <TargetedPlatforms>1</TargetedPlatforms>
        <AppType>Console</AppType>
    </PropertyGroup>
    <PropertyGroup Condition="'$(Config)'=='Base' or '$(Base)'!=''">
        <Base>true</Base>
    </PropertyGroup>
    <PropertyGroup Condition="('$(Platform)'=='Win32' and '$(Base)'=='true') or '$(Base_Win32)'!=''">
        <Base_Win32>true</Base_Win32>
        <CfgParent>Base</CfgParent>
        <Base>true</Base>
    </PropertyGroup>
    <PropertyGroup Condition="('$(Platform)'=='Win64' and '$(Base)'=='true') or '$(Base_Win64)'!=''">
        <Base_Win64>true</Base_Win64>
        <CfgParent>Base</CfgParent>
        <Base>true</Base>
    </PropertyGroup>
    <PropertyGroup Condition="'$(Config)'=='Release' or '$(Cfg_1)'!=''">
        <Cfg_1>true</Cfg_1>
        <CfgParent>Base</CfgParent>
        <Base>true</Base>
    </PropertyGroup>
    <PropertyGroup Condition="('$(Platform)'=='Win32' and '$(Cfg_1)'=='true') or '$(Cfg_1_Win32)'!=''">
        <Cfg_1_Win32>true</Cfg_1_Win32>
        <CfgParent>Cfg_1</CfgParent>
        <Cfg_1>true</Cfg_1>
        <Base>true</Base>
    </PropertyGroup>
    <PropertyGroup Condition="'$(Config)'=='Debug' or '$(Cfg_2)'!=''">
        <Cfg_2>true</Cfg_2>
        <CfgParent>Base</CfgParent>
        <Base>true</Base>
    </PropertyGroup>
    <PropertyGroup Condition="('$(Platform)'=='Win32' and '$(Cfg_2)'=='true') or '$(Cfg_2_Win32)'!=''">
        <Cfg_2_Win32>true</Cfg_2_Win32>
        <CfgParent>Cfg_2</CfgParent>
        <Cfg_2>true</Cfg_2>
        <Base>true</Base>
    </PropertyGroup>
    <PropertyGroup Condition="'$(Base)'!=''">
        <Manifest_File>None</Manifest_File>
        <Icon_MainIcon>WA102PParScaricoGiustif_Icon3.ico</Icon_MainIcon>
        <VerInfo_Locale>1040</VerInfo_Locale>
        <DCC_Namespace>System;Xml;Data;Datasnap;Web;Soap;Vcl;Winapi;Xml.Win;$(DCC_Namespace)</DCC_Namespace>
        <VerInfo_Keys>CompanyName=;FileDescription=;FileVersion=1.0.0.0;InternalName=;LegalCopyright=;LegalTrademarks=;OriginalFilename=;ProductName=;ProductVersion=1.0.0.0;Comments=</VerInfo_Keys>
        <DCC_UnitAlias>IWGrids=IWCompGrids;IWGridCommon=IWCompGridCommon;IWExtCtrls=IWCompExtCtrls;SWStrings=IWStrings;SWSystem=IWSystem;IWJQueryWidget=IWCompJQueryWidget;IWSilverLight=IWCompSilverLight;IWProgressIndicator=IWCompProgressIndicator;IWTreeView=IWCompTreeView;IWCompEdit_=IWCompFile_;$(DCC_UnitAlias)</DCC_UnitAlias>
        <DCC_UsePackage>vclx;vcl;vclimg;dbrtl;Rave77VCL;bdertl;rtl;vclactnband;vcldb;vcldbx;vcltouch;xmlrtl;dsnap;dsnapcon;TeeUI;TeeDB;Tee;vclib;ibxpress;adortl;IndyCore;IndySystem;IndyProtocols;VclSmp;vclie;inet;websnap;webdsnap;inetdb;inetdbbde;inetdbxpress;soaprtl;dbexpress;DbxCommonDriver;DataSnapIndy10ServerTransport;DataSnapProviderClient;DbxClientDriver;DataSnapServer;DBXInterBaseDriver;DBXMySQLDriver;dbxcds;DBXFirebirdDriver;DBXSybaseASEDriver;DBXSybaseASADriver;DBXOracleDriver;DBXMSSQLDriver;DBXInformixDriver;DBXDb2Driver;intrawebdb_100_140;Intraweb_100_140;mySQLDAC14;QR5RunD2010;Ecomp;DxPrint;iw10tmsd2010;iw10tmsgridd2010;iw10tmsxlsd2010;iw10tmsgridded2010;iw10tmssed2010;meIWComponents;pkgMEdpIWDbGrid;meTIWComponents;pkgMEdpIWTabControl;$(DCC_UsePackage)</DCC_UsePackage>
        <DCC_ExeOutput>..\Eseguibili\</DCC_ExeOutput>
        <DCC_Define>IRISWEB;WEBPJ;RILPRE;$(DCC_Define)</DCC_Define>
        <DCC_UnitSearchPath>..\Componenti_meIW;..\Copy;..\Componenti;..\Repositary;..\PJCondivisi;..\MWRilPre;..\PJRilPre;..\PJServizi;..\PJIrisWEB;..\PJCloudCondivisi;..\MWCondivisi;$(DCC_UnitSearchPath)</DCC_UnitSearchPath>
        <DCC_DcuOutput>dcu</DCC_DcuOutput>
        <DCC_DependencyCheckOutputName>..\Eseguibili\WA102PParScaricoGiustif.exe</DCC_DependencyCheckOutputName>
        <DCC_ImageBase>00400000</DCC_ImageBase>
        <DCC_Platform>x86</DCC_Platform>
    </PropertyGroup>
    <PropertyGroup Condition="'$(Base_Win32)'!=''">
        <DCC_Namespace>System.Win;Data.Win;Datasnap.Win;Web.Win;Soap.Win;Bde;$(DCC_Namespace)</DCC_Namespace>
        <VerInfo_Locale>1033</VerInfo_Locale>
    </PropertyGroup>
    <PropertyGroup Condition="'$(Base_Win64)'!=''">
        <Icon_MainIcon>WA102PParScaricoGiustif_Icon3.ico</Icon_MainIcon>
    </PropertyGroup>
    <PropertyGroup Condition="'$(Cfg_1)'!=''">
        <DCC_LocalDebugSymbols>false</DCC_LocalDebugSymbols>
        <DCC_Define>RELEASE;$(DCC_Define)</DCC_Define>
        <DCC_SymbolReferenceInfo>0</DCC_SymbolReferenceInfo>
        <DCC_DebugInformation>false</DCC_DebugInformation>
    </PropertyGroup>
    <PropertyGroup Condition="'$(Cfg_1_Win32)'!=''">
        <VerInfo_Locale>1033</VerInfo_Locale>
    </PropertyGroup>
    <PropertyGroup Condition="'$(Cfg_2)'!=''">
        <DCC_Define>DEBUG;$(DCC_Define)</DCC_Define>
    </PropertyGroup>
    <PropertyGroup Condition="'$(Cfg_2_Win32)'!=''">
        <VerInfo_Locale>1033</VerInfo_Locale>
    </PropertyGroup>
    <ItemGroup>
        <DelphiCompile Include="$(MainSource)">
            <MainSource>MainSource</MainSource>
        </DelphiCompile>
        <DCCReference Include="..\Repositary\WR100UBase.pas">
            <Form>WR100FBase</Form>
            <DesignClass>TIWAppForm</DesignClass>
        </DCCReference>
        <DCCReference Include="WA102UParScaricoGiustif.pas">
            <Form>WA102FParScaricoGiustif</Form>
            <DesignClass>TIWAppForm</DesignClass>
        </DCCReference>
        <DCCReference Include="..\Repositary\WR101ULogin.pas">
            <Form>WR101FLogin</Form>
            <DesignClass>TIWAppForm</DesignClass>
        </DCCReference>
        <DCCReference Include="WA102ULogin.pas">
            <Form>WA102FLogin</Form>
            <DesignClass>TIWAppForm</DesignClass>
        </DCCReference>
        <DCCReference Include="WA102UParScaricoGiustifDM.pas">
            <Form>WA102FParScaricoGiustifDM</Form>
            <DesignClass>TIWUserSessionBase</DesignClass>
        </DCCReference>
        <DCCReference Include="..\Repositary\WR200UBaseFM.pas">
            <Form>WR200FBaseFM</Form>
            <DesignClass>TFrame</DesignClass>
        </DCCReference>
        <DCCReference Include="..\Repositary\WR204UBrowseTabellaFM.pas">
            <Form>WR204FBrowseTabellaFM</Form>
            <DesignClass>TFrame</DesignClass>
        </DCCReference>
        <DCCReference Include="..\Repositary\WR302UGestTabellaDM.pas">
            <Form>WR302FGestTabellaDM</Form>
            <DesignClass>TIWUserSessionBase</DesignClass>
        </DCCReference>
        <DCCReference Include="..\Copy\WC003URicercaDatiFM.pas">
            <Form>WC003FRicercaDatiFM</Form>
            <DesignClass>TFrame</DesignClass>
        </DCCReference>
        <DCCReference Include="..\Copy\WC004UEstrazioneDatiFM.pas">
            <Form>WC004FEstrazioneDatiFM</Form>
            <DesignClass>TFrame</DesignClass>
        </DCCReference>
        <DCCReference Include="..\Repositary\WR300UBaseDM.pas">
            <Form>WR300FBaseDM</Form>
            <DesignClass>TIWUserSessionBase</DesignClass>
        </DCCReference>
        <DCCReference Include="..\Repositary\WR205UDettTabellaFM.pas">
            <Form>WR205FDettTabellaFM</Form>
            <DesignClass>TFrame</DesignClass>
        </DCCReference>
        <DCCReference Include="WA102UParScaricoGiustifBrowseFM.pas">
            <Form>WA102FParScaricoGiustifBrowseFM</Form>
            <DesignClass>TFrame</DesignClass>
        </DCCReference>
        <DCCReference Include="..\Repositary\WR102UGestTabella.pas">
            <Form>WR102FGestTabella</Form>
            <DesignClass>TIWAppForm</DesignClass>
        </DCCReference>
        <DCCReference Include="WA102UParScaricoGiustifDettFM.pas">
            <Form>WA102FParScaricoGiustifDettFM</Form>
            <DesignClass>TFrame</DesignClass>
        </DCCReference>
        <DCCReference Include="..\Copy\A000UInterfaccia.pas">
            <Form>A000ServerController</Form>
            <DesignClass>TIWServerControllerBase</DesignClass>
        </DCCReference>
        <DCCReference Include="..\Repositary\WR000UBaseDM.pas">
            <Form>WR000FBaseDM</Form>
            <DesignClass>TDataModule</DesignClass>
        </DCCReference>
        <DCCReference Include="..\Repositary\WR010UBase.pas">
            <Form>WR010FBase</Form>
            <DesignClass>TIWAppForm</DesignClass>
        </DCCReference>
        <BuildConfiguration Include="Debug">
            <Key>Cfg_2</Key>
            <CfgParent>Base</CfgParent>
        </BuildConfiguration>
        <BuildConfiguration Include="Base">
            <Key>Base</Key>
        </BuildConfiguration>
        <BuildConfiguration Include="Release">
            <Key>Cfg_1</Key>
            <CfgParent>Base</CfgParent>
        </BuildConfiguration>
    </ItemGroup>
    <Import Project="$(BDS)\Bin\CodeGear.Delphi.Targets" Condition="Exists('$(BDS)\Bin\CodeGear.Delphi.Targets')"/>
    <ProjectExtensions>
        <Borland.Personality>Delphi.Personality.12</Borland.Personality>
        <Borland.ProjectType/>
        <BorlandProject>
            <Delphi.Personality>
                <Source>
                    <Source Name="MainSource">WA102PParScaricoGiustif.dpr</Source>
                </Source>
                <Parameters>
                    <Parameters Name="UseLauncher">False</Parameters>
                    <Parameters Name="LoadAllSymbols">True</Parameters>
                    <Parameters Name="LoadUnspecifiedSymbols">False</Parameters>
                </Parameters>
                <VersionInfo>
                    <VersionInfo Name="IncludeVerInfo">False</VersionInfo>
                    <VersionInfo Name="AutoIncBuild">False</VersionInfo>
                    <VersionInfo Name="MajorVer">1</VersionInfo>
                    <VersionInfo Name="MinorVer">0</VersionInfo>
                    <VersionInfo Name="Release">0</VersionInfo>
                    <VersionInfo Name="Build">0</VersionInfo>
                    <VersionInfo Name="Debug">False</VersionInfo>
                    <VersionInfo Name="PreRelease">False</VersionInfo>
                    <VersionInfo Name="Special">False</VersionInfo>
                    <VersionInfo Name="Private">False</VersionInfo>
                    <VersionInfo Name="DLL">False</VersionInfo>
                    <VersionInfo Name="Locale">1040</VersionInfo>
                    <VersionInfo Name="CodePage">1252</VersionInfo>
                </VersionInfo>
                <VersionInfoKeys>
                    <VersionInfoKeys Name="CompanyName"/>
                    <VersionInfoKeys Name="FileDescription"/>
                    <VersionInfoKeys Name="FileVersion">1.0.0.0</VersionInfoKeys>
                    <VersionInfoKeys Name="InternalName"/>
                    <VersionInfoKeys Name="LegalCopyright"/>
                    <VersionInfoKeys Name="LegalTrademarks"/>
                    <VersionInfoKeys Name="OriginalFilename"/>
                    <VersionInfoKeys Name="ProductName"/>
                    <VersionInfoKeys Name="ProductVersion">1.0.0.0</VersionInfoKeys>
                    <VersionInfoKeys Name="Comments"/>
                </VersionInfoKeys>
                <Excluded_Packages>
                    <Excluded_Packages Name="$(BDSBIN)\dcloffice2k180.bpl">Microsoft Office 2000 Sample Automation Server Wrapper Components</Excluded_Packages>
                    <Excluded_Packages Name="$(BDSBIN)\dclofficexp180.bpl">Microsoft Office XP Sample Automation Server Wrapper Components</Excluded_Packages>
                </Excluded_Packages>
            </Delphi.Personality>
            <ModelSupport>False</ModelSupport>
            <Platforms>
                <Platform value="OSX32">False</Platform>
                <Platform value="Win32">True</Platform>
                <Platform value="Win64">False</Platform>
            </Platforms>
        </BorlandProject>
        <ProjectFileVersion>12</ProjectFileVersion>
    </ProjectExtensions>
    <Import Project="$(APPDATA)\Embarcadero\$(BDSAPPDATABASEDIR)\$(PRODUCTVERSION)\UserTools.proj" Condition="Exists('$(APPDATA)\Embarcadero\$(BDSAPPDATABASEDIR)\$(PRODUCTVERSION)\UserTools.proj')"/>
</Project>
