	<Project xmlns="http://schemas.microsoft.com/developer/msbuild/2003">
		<PropertyGroup>
			<ProjectGuid>{8ac7dd27-547a-418c-a4bb-3d4c2ee0cc15}</ProjectGuid>
			<Configuration Condition=" '$(Configuration)' == '' ">Debug</Configuration>
			<Platform Condition=" '$(Platform)' == '' ">AnyCPU</Platform>
			<DCC_DCCCompiler>DCC32</DCC_DCCCompiler>
			<DCC_DependencyCheckOutputName>..\Eseguibili\A139PPianifServizi.exe</DCC_DependencyCheckOutputName>
			<MainSource>A139PPianifServizi.dpr</MainSource>
			<ProjectVersion>12.0</ProjectVersion>
			<Config Condition="'$(Config)'==''">Debug</Config>
		</PropertyGroup>
		<PropertyGroup Condition="'$(Config)'=='Base' or '$(Base)'!=''">
			<Base>true</Base>
		</PropertyGroup>
		<PropertyGroup Condition="'$(Config)'=='Release' or '$(Cfg_1)'!=''">
			<Cfg_1>true</Cfg_1>
			<CfgParent>Base</CfgParent>
			<Base>true</Base>
		</PropertyGroup>
		<PropertyGroup Condition="'$(Config)'=='Debug' or '$(Cfg_2)'!=''">
			<Cfg_2>true</Cfg_2>
			<CfgParent>Base</CfgParent>
			<Base>true</Base>
		</PropertyGroup>
		<PropertyGroup Condition="'$(Base)'!=''">
			<DCC_DependencyCheckOutputName>A139PPianifServizi.exe</DCC_DependencyCheckOutputName>
		</PropertyGroup>
		<PropertyGroup Condition="'$(Cfg_1)'!=''">
			<Version>7.0</Version>
			<DCC_DebugInformation>False</DCC_DebugInformation>
			<DCC_LocalDebugSymbols>False</DCC_LocalDebugSymbols>
			<DCC_SymbolReferenceInfo>0</DCC_SymbolReferenceInfo>
			<DCC_Define>RELEASE;$(DCC_Define)</DCC_Define>
			<DCC_RangeChecking>True</DCC_RangeChecking>
		</PropertyGroup>
		<PropertyGroup Condition="'$(Cfg_2)'!=''">
			<DCC_DependencyCheckOutputName>..\Eseguibili\A139PPianifServizi.exe</DCC_DependencyCheckOutputName>
			<Version>7.0</Version>
			<DCC_Define>DEBUG;$(DCC_Define)</DCC_Define>
			<DCC_RangeChecking>True</DCC_RangeChecking>
			<DCC_ExeOutput>..\Eseguibili</DCC_ExeOutput>
			<DCC_DcuOutput>..\DCU</DCC_DcuOutput>
			<DCC_ObjOutput>..\DCU</DCC_ObjOutput>
			<DCC_HppOutput>..\DCU</DCC_HppOutput>
			<DCC_UnitSearchPath>..\Copy;..\Componenti;..\MWRilPre;..\Repositary;..\IntegrazioneAnagrafico;..\PJCondivisi;..\PJRilPre;..\PJStipendi;$(DCC_UnitSearchPath)</DCC_UnitSearchPath>
			<DCC_ResourcePath>..\Copy;..\Componenti;..\MWRilPre;..\Repositary;..\IntegrazioneAnagrafico;..\PJCondivisi;..\PJRilPre;..\PJStipendi;$(DCC_ResourcePath)</DCC_ResourcePath>
			<DCC_ObjPath>..\Copy;..\Componenti;..\MWRilPre;..\Repositary;..\IntegrazioneAnagrafico;..\PJCondivisi;..\PJRilPre;..\PJStipendi;$(DCC_ObjPath)</DCC_ObjPath>
			<DCC_IncludePath>..\Copy;..\Componenti;..\MWRilPre;..\Repositary;..\IntegrazioneAnagrafico;..\PJCondivisi;..\PJRilPre;..\PJStipendi;$(DCC_IncludePath)</DCC_IncludePath>
			<DCC_SYMBOL_DEPRECATED>False</DCC_SYMBOL_DEPRECATED>
		</PropertyGroup>
		<ProjectExtensions>
			<Borland.Personality>Delphi.Personality.12</Borland.Personality>
			<Borland.ProjectType/>
			<BorlandProject>
				<Delphi.Personality>
					<Parameters>
						<Parameters Name="UseLauncher">False</Parameters>
						<Parameters Name="LoadAllSymbols">True</Parameters>
						<Parameters Name="LoadUnspecifiedSymbols">False</Parameters>
					</Parameters>
					<VersionInfo>
						<VersionInfo Name="IncludeVerInfo">False</VersionInfo>
						<VersionInfo Name="AutoIncBuild">False</VersionInfo>
						<VersionInfo Name="MajorVer">1</VersionInfo>
						<VersionInfo Name="MinorVer">0</VersionInfo>
						<VersionInfo Name="Release">0</VersionInfo>
						<VersionInfo Name="Build">0</VersionInfo>
						<VersionInfo Name="Debug">False</VersionInfo>
						<VersionInfo Name="PreRelease">False</VersionInfo>
						<VersionInfo Name="Special">False</VersionInfo>
						<VersionInfo Name="Private">False</VersionInfo>
						<VersionInfo Name="DLL">False</VersionInfo>
						<VersionInfo Name="Locale">1040</VersionInfo>
						<VersionInfo Name="CodePage">1252</VersionInfo>
					</VersionInfo>
					<VersionInfoKeys>
						<VersionInfoKeys Name="CompanyName"/>
						<VersionInfoKeys Name="FileDescription"/>
						<VersionInfoKeys Name="FileVersion">1.0.0.0</VersionInfoKeys>
						<VersionInfoKeys Name="InternalName"/>
						<VersionInfoKeys Name="LegalCopyright"/>
						<VersionInfoKeys Name="LegalTrademarks"/>
						<VersionInfoKeys Name="OriginalFilename"/>
						<VersionInfoKeys Name="ProductName"/>
						<VersionInfoKeys Name="ProductVersion">1.0.0.0</VersionInfoKeys>
						<VersionInfoKeys Name="Comments"/>
					</VersionInfoKeys>
					<Excluded_Packages>
						<Excluded_Packages Name="$(BDS)\bin\dclofficexp100.bpl">Microsoft Office XP Sample Automation Server Wrapper Components</Excluded_Packages>
					</Excluded_Packages>
					<Source>
						<Source Name="MainSource">A139PPianifServizi.dpr</Source>
					</Source>
				</Delphi.Personality>
			</BorlandProject>
			<ProjectFileVersion>12</ProjectFileVersion>
		</ProjectExtensions>
		<ItemGroup>
			<DelphiCompile Include="A139PPianifServizi.dpr">
				<MainSource>MainSource</MainSource>
			</DelphiCompile>
			<DCCReference Include="A139UPianifServizi.pas">
				<Form>A139FPianifServizi</Form>
			</DCCReference>
			<DCCReference Include="..\REPOSITARY\R004UGESTSTORICODTM.pas">
				<Form>R004FGestStoricoDtM</Form>
				<DesignClass>TDataModule</DesignClass>
			</DCCReference>
			<DCCReference Include="A139UPianifServiziDtm.pas">
				<Form>A139FPianifServiziDtm</Form>
				<DesignClass>TDataModule</DesignClass>
			</DCCReference>
			<DCCReference Include="..\Componenti\ToolbarFiglio.pas">
				<Form>frmToolbarFiglio</Form>
				<DesignClass>TFrame</DesignClass>
			</DCCReference>
			<DCCReference Include="A139UCopiaServizi.pas">
				<Form>A139FCopiaServizi</Form>
			</DCCReference>
			<DCCReference Include="..\REPOSITARY\R001UGESTTAB.pas">
				<Form>R001FGestTab</Form>
			</DCCReference>
			<DCCReference Include="A139UGestisciPattuglie.pas">
				<Form>A139FGestisciPattuglie</Form>
			</DCCReference>
			<DCCReference Include="..\Componenti\SelAnagrafe.pas">
				<Form>frmSelAnagrafe</Form>
				<DesignClass>TFrame</DesignClass>
			</DCCReference>
			<DCCReference Include="..\Repositary\R002UQREP.pas">
				<Form>R002FQRep</Form>
			</DCCReference>
			<DCCReference Include="A139UStampaServizi.pas">
				<Form>A139FStampaServizi</Form>
			</DCCReference>
			<DCCReference Include="A139UGestisciApparati.pas">
				<Form>A139FGestisciApparati</Form>
			</DCCReference>
			<DCCReference Include="A139UDialogStampa.pas">
				<Form>A139FDialogStampa</Form>
			</DCCReference>
			<DCCReference Include="A139UNoteServizi.pas">
				<Form>A139FNoteServizi</Form>
			</DCCReference>
			<DCCReference Include="A139UQuadroRiass.pas">
				<Form>A139FQuadroRiass</Form>
			</DCCReference>
			<BuildConfiguration Include="Base">
				<Key>Base</Key>
			</BuildConfiguration>
			<BuildConfiguration Include="Release">
				<Key>Cfg_1</Key>
				<CfgParent>Base</CfgParent>
			</BuildConfiguration>
			<BuildConfiguration Include="Debug">
				<Key>Cfg_2</Key>
				<CfgParent>Base</CfgParent>
			</BuildConfiguration>
		</ItemGroup>
		<Import Project="$(BDS)\Bin\CodeGear.Delphi.Targets" Condition="Exists('$(BDS)\Bin\CodeGear.Delphi.Targets')"/>
	</Project>
